
Microsoft Visual Studio Solution File, Format Version 12.00
# Visual Studio Version 16
VisualStudioVersion = 16.0.29215.179
MinimumVisualStudioVersion = 10.0.40219.1
Project("{FAE04EC0-301F-11D3-BF4B-00C04F79EFBC}") = "MessageService", "MessageService\MessageService.csproj", "{3FFC5FB2-D2A2-4D13-AF51-69DAD147640B}"
EndProject
Project("{FAE04EC0-301F-11D3-BF4B-00C04F79EFBC}") = "Host", "Host\Host.csproj", "{0658CBC9-92FB-43B7-8145-71DE00DD7058}"
EndProject
Project("{FAE04EC0-301F-11D3-BF4B-00C04F79EFBC}") = "AccesoBaseDeDatos", "AccesoBaseDeDatos\AccesoBaseDeDatos.csproj", "{AEFD7CE5-13AC-4494-9AA6-5FEDC07226AA}"
EndProject
Global
	GlobalSection(SolutionConfigurationPlatforms) = preSolution
		Debug|Any CPU = Debug|Any CPU
		Release|Any CPU = Release|Any CPU
	EndGlobalSection
	GlobalSection(ProjectConfigurationPlatforms) = postSolution
		{3FFC5FB2-D2A2-4D13-AF51-69DAD147640B}.Debug|Any CPU.ActiveCfg = Debug|Any CPU
		{3FFC5FB2-D2A2-4D13-AF51-69DAD147640B}.Debug|Any CPU.Build.0 = Debug|Any CPU
		{3FFC5FB2-D2A2-4D13-AF51-69DAD147640B}.Release|Any CPU.ActiveCfg = Release|Any CPU
		{3FFC5FB2-D2A2-4D13-AF51-69DAD147640B}.Release|Any CPU.Build.0 = Release|Any CPU
		{0658CBC9-92FB-43B7-8145-71DE00DD7058}.Debug|Any CPU.ActiveCfg = Debug|Any CPU
		{0658CBC9-92FB-43B7-8145-71DE00DD7058}.Debug|Any CPU.Build.0 = Debug|Any CPU
		{0658CBC9-92FB-43B7-8145-71DE00DD7058}.Release|Any CPU.ActiveCfg = Release|Any CPU
		{0658CBC9-92FB-43B7-8145-71DE00DD7058}.Release|Any CPU.Build.0 = Release|Any CPU
		{AEFD7CE5-13AC-4494-9AA6-5FEDC07226AA}.Debug|Any CPU.ActiveCfg = Debug|Any CPU
		{AEFD7CE5-13AC-4494-9AA6-5FEDC07226AA}.Debug|Any CPU.Build.0 = Debug|Any CPU
		{AEFD7CE5-13AC-4494-9AA6-5FEDC07226AA}.Release|Any CPU.ActiveCfg = Release|Any CPU
		{AEFD7CE5-13AC-4494-9AA6-5FEDC07226AA}.Release|Any CPU.Build.0 = Release|Any CPU
	EndGlobalSection
	GlobalSection(SolutionProperties) = preSolution
		HideSolutionNode = FALSE
	EndGlobalSection
	GlobalSection(ExtensibilityGlobals) = postSolution
		SolutionGuid = {99214E2A-5B15-4968-8677-D17FD04E0BD3}
	EndGlobalSection
EndGlobal
